
Microsoft Visual Studio Solution File, Format Version 12.00
# Visual Studio 15
VisualStudioVersion = 15.0.26730.10
MinimumVisualStudioVersion = 10.0.40219.1
Project("{FAE04EC0-301F-11D3-BF4B-00C04F79EFBC}") = "YoutubeDown.Library", "YoutubeDown.Library\YoutubeDown.Library.csproj", "{B161B86B-35B8-4EF9-944C-F9BC73E7920A}"
EndProject
Project("{FAE04EC0-301F-11D3-BF4B-00C04F79EFBC}") = "YoutubeDown", "YoutubeDown\YoutubeDown.csproj", "{8C9631D5-C747-4A87-B6F4-FC6BB47C8AF3}"
EndProject
Global
	GlobalSection(SolutionConfigurationPlatforms) = preSolution
		Debug|Any CPU = Debug|Any CPU
		Release|Any CPU = Release|Any CPU
	EndGlobalSection
	GlobalSection(ProjectConfigurationPlatforms) = postSolution
		{B161B86B-35B8-4EF9-944C-F9BC73E7920A}.Debug|Any CPU.ActiveCfg = Debug|Any CPU
		{B161B86B-35B8-4EF9-944C-F9BC73E7920A}.Debug|Any CPU.Build.0 = Debug|Any CPU
		{B161B86B-35B8-4EF9-944C-F9BC73E7920A}.Release|Any CPU.ActiveCfg = Release|Any CPU
		{B161B86B-35B8-4EF9-944C-F9BC73E7920A}.Release|Any CPU.Build.0 = Release|Any CPU
		{8C9631D5-C747-4A87-B6F4-FC6BB47C8AF3}.Debug|Any CPU.ActiveCfg = Debug|Any CPU
		{8C9631D5-C747-4A87-B6F4-FC6BB47C8AF3}.Debug|Any CPU.Build.0 = Debug|Any CPU
		{8C9631D5-C747-4A87-B6F4-FC6BB47C8AF3}.Release|Any CPU.ActiveCfg = Release|Any CPU
		{8C9631D5-C747-4A87-B6F4-FC6BB47C8AF3}.Release|Any CPU.Build.0 = Release|Any CPU
	EndGlobalSection
	GlobalSection(SolutionProperties) = preSolution
		HideSolutionNode = FALSE
	EndGlobalSection
	GlobalSection(ExtensibilityGlobals) = postSolution
		SolutionGuid = {B02CDF67-BFB8-4700-BCD4-81E49564CD94}
	EndGlobalSection
EndGlobal
